<?xml version="1.0" encoding="utf-8"?>
<Project ToolsVersion="4.0" xmlns="http://schemas.microsoft.com/developer/msbuild/2003">
  <ItemGroup>
    <Filter Include="Исходные файлы">
      <UniqueIdentifier>{4FC737F1-C7A5-4376-A066-2A32D752A2FF}</UniqueIdentifier>
      <Extensions>cpp;c;cc;cxx;c++;cppm;ixx;def;odl;idl;hpj;bat;asm;asmx</Extensions>
    </Filter>
    <Filter Include="Файлы заголовков">
      <UniqueIdentifier>{93995380-89BD-4b04-88EB-625FBE52EBFB}</UniqueIdentifier>
      <Extensions>h;hh;hpp;hxx;h++;hm;inl;inc;ipp;xsd</Extensions>
    </Filter>
    <Filter Include="Файлы ресурсов">
      <UniqueIdentifier>{67DA6AB6-F800-4c08-8B7A-83BB121AAD01}</UniqueIdentifier>
      <Extensions>rc;ico;cur;bmp;dlg;rc2;rct;bin;rgs;gif;jpg;jpeg;jpe;resx;tiff;tif;png;wav;mfcribbon-ms</Extensions>
    </Filter>
    <Filter Include="Файлы ресурсов\Shaders">
      <UniqueIdentifier>{32603962-3584-4268-868a-f0ee1d3a0844}</UniqueIdentifier>
    </Filter>
    <Filter Include="Файлы ресурсов\Textures">
      <UniqueIdentifier>{fd1cb66a-5950-43fa-b621-7afc614f6f7e}</UniqueIdentifier>
    </Filter>
    <Filter Include="Файлы ресурсов\Models">
      <UniqueIdentifier>{6283f98c-d723-4d54-b708-ab2afce59597}</UniqueIdentifier>
    </Filter>
  </ItemGroup>
  <ItemGroup>
    <ClCompile Include="main.cpp">
      <Filter>Исходные файлы</Filter>
    </ClCompile>
    <ClCompile Include="mainSave.cpp">
      <Filter>Исходные файлы</Filter>
    </ClCompile>
  </ItemGroup>
  <ItemGroup>
    <None Include="..\.gitignore">
      <Filter>Файлы ресурсов</Filter>
    </None>
    <None Include="shaders\compile.bat">
      <Filter>Файлы ресурсов\Shaders</Filter>
    </None>
    <None Include="shaders\shader.frag">
      <Filter>Файлы ресурсов\Shaders</Filter>
    </None>
    <None Include="shaders\shader.vert">
      <Filter>Файлы ресурсов\Shaders</Filter>
    </None>
    <None Include="shaders\shader.comp">
      <Filter>Файлы ресурсов\Shaders</Filter>
    </None>
  </ItemGroup>
  <ItemGroup>
    <Image Include="textures\viking_room.png">
      <Filter>Файлы ресурсов\Textures</Filter>
    </Image>
    <Image Include="textures\texture.jpg">
      <Filter>Файлы ресурсов\Textures</Filter>
    </Image>
  </ItemGroup>
  <ItemGroup>
    <Object Include="models\viking_room.obj">
      <Filter>Файлы ресурсов\Models</Filter>
    </Object>
  </ItemGroup>
</Project>