<?xml version="1.0" encoding="utf-8"?>
<Project ToolsVersion="4.0" xmlns="http://schemas.microsoft.com/developer/msbuild/2003">
  <ItemGroup>
    <Filter Include="Исходные файлы">
      <UniqueIdentifier>{4FC737F1-C7A5-4376-A066-2A32D752A2FF}</UniqueIdentifier>
      <Extensions>cpp;c;cc;cxx;c++;cppm;ixx;def;odl;idl;hpj;bat;asm;asmx</Extensions>
    </Filter>
    <Filter Include="Файлы заголовков">
      <UniqueIdentifier>{93995380-89BD-4b04-88EB-625FBE52EBFB}</UniqueIdentifier>
      <Extensions>h;hh;hpp;hxx;h++;hm;inl;inc;ipp;xsd</Extensions>
    </Filter>
    <Filter Include="Файлы ресурсов">
      <UniqueIdentifier>{67DA6AB6-F800-4c08-8B7A-83BB121AAD01}</UniqueIdentifier>
      <Extensions>rc;ico;cur;bmp;dlg;rc2;rct;bin;rgs;gif;jpg;jpeg;jpe;resx;tiff;tif;png;wav;mfcribbon-ms</Extensions>
    </Filter>
    <Filter Include="Исходные файлы\1">
      <UniqueIdentifier>{10572acf-e819-4da5-9929-54eaf71a0aba}</UniqueIdentifier>
    </Filter>
    <Filter Include="Исходные файлы\2">
      <UniqueIdentifier>{41e91683-c219-4f9f-865e-937f6ece943d}</UniqueIdentifier>
    </Filter>
    <Filter Include="Исходные файлы\3">
      <UniqueIdentifier>{810d8ac4-48aa-4946-81cd-1f85545d2a8d}</UniqueIdentifier>
    </Filter>
    <Filter Include="Исходные файлы\4">
      <UniqueIdentifier>{79c688ad-bb86-420c-b419-8d5928771ea1}</UniqueIdentifier>
    </Filter>
    <Filter Include="Исходные файлы\5">
      <UniqueIdentifier>{3f6c9edc-86e2-4e04-a54f-01068fed26d1}</UniqueIdentifier>
    </Filter>
    <Filter Include="Исходные файлы\6">
      <UniqueIdentifier>{88205107-6e95-4b5c-b977-1b50413ff874}</UniqueIdentifier>
    </Filter>
    <Filter Include="Исходные файлы\6\shaders">
      <UniqueIdentifier>{857c2d23-1a4c-4c08-9b1f-c1fe09ec1248}</UniqueIdentifier>
    </Filter>
    <Filter Include="Исходные файлы\7">
      <UniqueIdentifier>{19828f11-4e97-42a7-bc47-6a0f3142e0fc}</UniqueIdentifier>
    </Filter>
    <Filter Include="Исходные файлы\7\shaders">
      <UniqueIdentifier>{d93d7d6a-2313-4fc7-bcd9-bb36e2e3dcc2}</UniqueIdentifier>
    </Filter>
    <Filter Include="Исходные файлы\8">
      <UniqueIdentifier>{8064b9b3-275b-4180-bf9c-eecbbb7f5408}</UniqueIdentifier>
    </Filter>
    <Filter Include="Исходные файлы\8\shaders">
      <UniqueIdentifier>{e899c1e1-8ef7-4d96-b31f-6c3e09ae1b39}</UniqueIdentifier>
    </Filter>
  </ItemGroup>
  <ItemGroup>
    <None Include="..\.gitignore">
      <Filter>Файлы ресурсов</Filter>
    </None>
    <None Include="6\shaders\compile.bat">
      <Filter>Исходные файлы\6\shaders</Filter>
    </None>
    <None Include="6\shaders\shader.comp">
      <Filter>Исходные файлы\6\shaders</Filter>
    </None>
    <None Include="6\shaders\shaderP1.frag">
      <Filter>Исходные файлы\6\shaders</Filter>
    </None>
    <None Include="6\shaders\shaderP1.vert">
      <Filter>Исходные файлы\6\shaders</Filter>
    </None>
    <None Include="6\shaders\shaderP2.frag">
      <Filter>Исходные файлы\6\shaders</Filter>
    </None>
    <None Include="6\shaders\shaderP2.vert">
      <Filter>Исходные файлы\6\shaders</Filter>
    </None>
    <None Include="6\shaders\shaderP3.frag">
      <Filter>Исходные файлы\6\shaders</Filter>
    </None>
    <None Include="6\shaders\shaderP3.vert">
      <Filter>Исходные файлы\6\shaders</Filter>
    </None>
    <None Include="7\shaders\compile.bat">
      <Filter>Исходные файлы\7\shaders</Filter>
    </None>
    <None Include="7\shaders\shaderP1.frag">
      <Filter>Исходные файлы\7\shaders</Filter>
    </None>
    <None Include="7\shaders\shaderP1.vert">
      <Filter>Исходные файлы\7\shaders</Filter>
    </None>
    <None Include="7\shaders\shaderP1.comp">
      <Filter>Исходные файлы\7\shaders</Filter>
    </None>
    <None Include="7\shaders\shaderP2.comp">
      <Filter>Исходные файлы\7\shaders</Filter>
    </None>
    <None Include="7\shaders\shaderP3.comp">
      <Filter>Исходные файлы\7\shaders</Filter>
    </None>
    <None Include="8\shaders\compile.bat">
      <Filter>Исходные файлы\8\shaders</Filter>
    </None>
    <None Include="8\shaders\shaderP1.comp">
      <Filter>Исходные файлы\8\shaders</Filter>
    </None>
    <None Include="8\shaders\shaderP1.frag">
      <Filter>Исходные файлы\8\shaders</Filter>
    </None>
    <None Include="8\shaders\shaderP1.vert">
      <Filter>Исходные файлы\8\shaders</Filter>
    </None>
  </ItemGroup>
  <ItemGroup>
    <ClCompile Include="1\main.cpp">
      <Filter>Исходные файлы\1</Filter>
    </ClCompile>
    <ClCompile Include="2\main.cpp">
      <Filter>Исходные файлы\2</Filter>
    </ClCompile>
    <ClCompile Include="3\main.cpp">
      <Filter>Исходные файлы\3</Filter>
    </ClCompile>
    <ClCompile Include="4\main.cpp">
      <Filter>Исходные файлы\4</Filter>
    </ClCompile>
    <ClCompile Include="5\main.cpp">
      <Filter>Исходные файлы\5</Filter>
    </ClCompile>
    <ClCompile Include="6\main.cpp">
      <Filter>Исходные файлы\6</Filter>
    </ClCompile>
    <ClCompile Include="7\main.cpp">
      <Filter>Исходные файлы\7</Filter>
    </ClCompile>
    <ClCompile Include="8\main.cpp">
      <Filter>Исходные файлы\8</Filter>
    </ClCompile>
  </ItemGroup>
</Project>